{
  "name": "sage-dictionary-api",
  "lockfileVersion": 3,
  "requires": true,
  "packages": {
    "node_modules/.deno/create-hono@0.18.0/node_modules/create-hono": {
      "version": "0.18.0",
      "extraneous": true,
      "license": "MIT",
      "bin": {
        "create-hono": "bin"
      },
      "devDependencies": {
        "@bluwy/giget-core": "^0.1.2",
        "@hono/eslint-config": "^1.0.2",
        "@inquirer/confirm": "^5.1.8",
        "@inquirer/input": "^4.1.8",
        "@inquirer/select": "^4.1.0",
        "@types/node": "^22.13.11",
        "commander": "^13.1.0",
        "esbuild": "^0.25.1",
        "eslint": "^9.23.0",
        "execa": "^8.0.1",
        "nanospinner": "^1.2.2",
        "np": "^10.2.0",
        "picocolors": "^1.1.1",
        "prettier": "^3.5.3",
        "typescript": "^5.8.2",
        "vitest": "^3.0.9"
      }
    }
  }
}
